// !$*UTF8*$!
{
	archiveVersion = 1;
	classes = {
	};
	objectVersion = 50;
	objects = {

/* Begin PBXBuildFile section */
		49055D9F27C7826400302FEE /* SquareGridManagerV2.swift in Sources */ = {isa = PBXBuildFile; fileRef = 49055D9E27C7826400302FEE /* SquareGridManagerV2.swift */; };
		49055DA027C7835500302FEE /* SquareGridManagerV2.swift in Sources */ = {isa = PBXBuildFile; fileRef = 49055D9E27C7826400302FEE /* SquareGridManagerV2.swift */; };
		49258AB727BA8308006C8BEA /* main.swift in Sources */ = {isa = PBXBuildFile; fileRef = 49258AB627BA8308006C8BEA /* main.swift */; };
		49258AC727BA8B59006C8BEA /* Models.swift in Sources */ = {isa = PBXBuildFile; fileRef = 49258AC427BA8B59006C8BEA /* Models.swift */; };
		49258AC827BA8B59006C8BEA /* Manager.swift in Sources */ = {isa = PBXBuildFile; fileRef = 49258AC527BA8B59006C8BEA /* Manager.swift */; };
		49258ACA27BAA7B5006C8BEA /* IO.swift in Sources */ = {isa = PBXBuildFile; fileRef = 49258AC927BAA7B5006C8BEA /* IO.swift */; };
		49B749C527BC881E0070016C /* JobAssignTest.swift in Sources */ = {isa = PBXBuildFile; fileRef = 49B749C427BC881E0070016C /* JobAssignTest.swift */; };
		49B749C727BCA34E0070016C /* UtilsTest.swift in Sources */ = {isa = PBXBuildFile; fileRef = 49B749C627BCA34E0070016C /* UtilsTest.swift */; };
		49E8532627C0971D00EF03FB /* DataStructures.swift in Sources */ = {isa = PBXBuildFile; fileRef = 49E8532527C0971D00EF03FB /* DataStructures.swift */; };
		49E8532727C0972F00EF03FB /* DataStructures.swift in Sources */ = {isa = PBXBuildFile; fileRef = 49E8532527C0971D00EF03FB /* DataStructures.swift */; };
		49E8532927C09D3300EF03FB /* IOController.swift in Sources */ = {isa = PBXBuildFile; fileRef = 49E8532827C09D3300EF03FB /* IOController.swift */; };
		49E8532A27C09D6500EF03FB /* IOController.swift in Sources */ = {isa = PBXBuildFile; fileRef = 49E8532827C09D3300EF03FB /* IOController.swift */; };
		49E8532E27C1335C00EF03FB /* GridTest.swift in Sources */ = {isa = PBXBuildFile; fileRef = 49E8532D27C1335C00EF03FB /* GridTest.swift */; };
		49F5CA1927BE6C9F00AA4C2B /* JobDirectorTest.swift in Sources */ = {isa = PBXBuildFile; fileRef = 49F5CA1827BE6C9F00AA4C2B /* JobDirectorTest.swift */; };
		49F5CA1B27BE93D700AA4C2B /* GridManager.swift in Sources */ = {isa = PBXBuildFile; fileRef = 49F5CA1A27BE93D700AA4C2B /* GridManager.swift */; };
		49F5CA1C27BE991300AA4C2B /* GridManager.swift in Sources */ = {isa = PBXBuildFile; fileRef = 49F5CA1A27BE93D700AA4C2B /* GridManager.swift */; };
		49FE05ED27BB4F0900E3A5FE /* Field.swift in Sources */ = {isa = PBXBuildFile; fileRef = 49FE05EC27BB4F0900E3A5FE /* Field.swift */; };
		49FE05EF27BB4FDC00E3A5FE /* Values.swift in Sources */ = {isa = PBXBuildFile; fileRef = 49FE05EE27BB4FDC00E3A5FE /* Values.swift */; };
		49FE05F127BB57B900E3A5FE /* Utils.swift in Sources */ = {isa = PBXBuildFile; fileRef = 49FE05F027BB57B900E3A5FE /* Utils.swift */; };
		49FE060827BB642500E3A5FE /* FieldTest.swift in Sources */ = {isa = PBXBuildFile; fileRef = 49FE060727BB642500E3A5FE /* FieldTest.swift */; };
		49FE060A27BB76E200E3A5FE /* JobDirector.swift in Sources */ = {isa = PBXBuildFile; fileRef = 49FE060927BB76E200E3A5FE /* JobDirector.swift */; };
		49FE060F27BB818600E3A5FE /* HumanTest.swift in Sources */ = {isa = PBXBuildFile; fileRef = 49FE060E27BB818600E3A5FE /* HumanTest.swift */; };
		49FE061127BB879300E3A5FE /* ScheduleJobTest.swift in Sources */ = {isa = PBXBuildFile; fileRef = 49FE061027BB879300E3A5FE /* ScheduleJobTest.swift */; };
		49FE061327BBE03A00E3A5FE /* Players.swift in Sources */ = {isa = PBXBuildFile; fileRef = 49FE061227BBE03A00E3A5FE /* Players.swift */; };
		49FE061627BBE2CA00E3A5FE /* HumanBrain.swift in Sources */ = {isa = PBXBuildFile; fileRef = 49FE061527BBE2CA00E3A5FE /* HumanBrain.swift */; };
		49FE061927BBE8D500E3A5FE /* Values.swift in Sources */ = {isa = PBXBuildFile; fileRef = 49FE05EE27BB4FDC00E3A5FE /* Values.swift */; };
		49FE061A27BBE8D500E3A5FE /* Utils.swift in Sources */ = {isa = PBXBuildFile; fileRef = 49FE05F027BB57B900E3A5FE /* Utils.swift */; };
		49FE061B27BBE8D500E3A5FE /* HumanBrain.swift in Sources */ = {isa = PBXBuildFile; fileRef = 49FE061527BBE2CA00E3A5FE /* HumanBrain.swift */; };
		49FE061C27BBE8D500E3A5FE /* Models.swift in Sources */ = {isa = PBXBuildFile; fileRef = 49258AC427BA8B59006C8BEA /* Models.swift */; };
		49FE061E27BBE8D500E3A5FE /* main.swift in Sources */ = {isa = PBXBuildFile; fileRef = 49258AB627BA8308006C8BEA /* main.swift */; };
		49FE061F27BBE8D500E3A5FE /* Players.swift in Sources */ = {isa = PBXBuildFile; fileRef = 49FE061227BBE03A00E3A5FE /* Players.swift */; };
		49FE062027BBE8D500E3A5FE /* Manager.swift in Sources */ = {isa = PBXBuildFile; fileRef = 49258AC527BA8B59006C8BEA /* Manager.swift */; };
		49FE062127BBE8D500E3A5FE /* IO.swift in Sources */ = {isa = PBXBuildFile; fileRef = 49258AC927BAA7B5006C8BEA /* IO.swift */; };
		49FE062227BBE8D500E3A5FE /* JobDirector.swift in Sources */ = {isa = PBXBuildFile; fileRef = 49FE060927BB76E200E3A5FE /* JobDirector.swift */; };
		49FE062327BBE8D500E3A5FE /* Field.swift in Sources */ = {isa = PBXBuildFile; fileRef = 49FE05EC27BB4F0900E3A5FE /* Field.swift */; };
/* End PBXBuildFile section */

/* Begin PBXCopyFilesBuildPhase section */
		49258AB127BA8308006C8BEA /* CopyFiles */ = {
			isa = PBXCopyFilesBuildPhase;
			buildActionMask = 2147483647;
			dstPath = /usr/share/man/man1/;
			dstSubfolderSpec = 0;
			files = (
			);
			runOnlyForDeploymentPostprocessing = 1;
		};
/* End PBXCopyFilesBuildPhase section */

/* Begin PBXFileReference section */
		49055D9E27C7826400302FEE /* SquareGridManagerV2.swift */ = {isa = PBXFileReference; lastKnownFileType = sourcecode.swift; path = SquareGridManagerV2.swift; sourceTree = "<group>"; };
		49258AB327BA8308006C8BEA /* AHC008 */ = {isa = PBXFileReference; explicitFileType = "compiled.mach-o.executable"; includeInIndex = 0; path = AHC008; sourceTree = BUILT_PRODUCTS_DIR; };
		49258AB627BA8308006C8BEA /* main.swift */ = {isa = PBXFileReference; lastKnownFileType = sourcecode.swift; path = main.swift; sourceTree = "<group>"; };
		49258AC427BA8B59006C8BEA /* Models.swift */ = {isa = PBXFileReference; fileEncoding = 4; lastKnownFileType = sourcecode.swift; path = Models.swift; sourceTree = "<group>"; };
		49258AC527BA8B59006C8BEA /* Manager.swift */ = {isa = PBXFileReference; fileEncoding = 4; lastKnownFileType = sourcecode.swift; path = Manager.swift; sourceTree = "<group>"; };
		49258AC927BAA7B5006C8BEA /* IO.swift */ = {isa = PBXFileReference; lastKnownFileType = sourcecode.swift; path = IO.swift; sourceTree = "<group>"; };
		49B749C427BC881E0070016C /* JobAssignTest.swift */ = {isa = PBXFileReference; lastKnownFileType = sourcecode.swift; path = JobAssignTest.swift; sourceTree = "<group>"; };
		49B749C627BCA34E0070016C /* UtilsTest.swift */ = {isa = PBXFileReference; lastKnownFileType = sourcecode.swift; path = UtilsTest.swift; sourceTree = "<group>"; };
		49E8532527C0971D00EF03FB /* DataStructures.swift */ = {isa = PBXFileReference; lastKnownFileType = sourcecode.swift; path = DataStructures.swift; sourceTree = "<group>"; };
		49E8532827C09D3300EF03FB /* IOController.swift */ = {isa = PBXFileReference; lastKnownFileType = sourcecode.swift; path = IOController.swift; sourceTree = "<group>"; };
		49E8532D27C1335C00EF03FB /* GridTest.swift */ = {isa = PBXFileReference; lastKnownFileType = sourcecode.swift; path = GridTest.swift; sourceTree = "<group>"; };
		49F5CA1827BE6C9F00AA4C2B /* JobDirectorTest.swift */ = {isa = PBXFileReference; lastKnownFileType = sourcecode.swift; path = JobDirectorTest.swift; sourceTree = "<group>"; };
		49F5CA1A27BE93D700AA4C2B /* GridManager.swift */ = {isa = PBXFileReference; lastKnownFileType = sourcecode.swift; path = GridManager.swift; sourceTree = "<group>"; };
		49FE05EC27BB4F0900E3A5FE /* Field.swift */ = {isa = PBXFileReference; lastKnownFileType = sourcecode.swift; path = Field.swift; sourceTree = "<group>"; };
		49FE05EE27BB4FDC00E3A5FE /* Values.swift */ = {isa = PBXFileReference; lastKnownFileType = sourcecode.swift; path = Values.swift; sourceTree = "<group>"; };
		49FE05F027BB57B900E3A5FE /* Utils.swift */ = {isa = PBXFileReference; lastKnownFileType = sourcecode.swift; path = Utils.swift; sourceTree = "<group>"; };
		49FE05F627BB639D00E3A5FE /* AHC008Test.xctest */ = {isa = PBXFileReference; explicitFileType = wrapper.cfbundle; includeInIndex = 0; path = AHC008Test.xctest; sourceTree = BUILT_PRODUCTS_DIR; };
		49FE05FA27BB639D00E3A5FE /* Info.plist */ = {isa = PBXFileReference; lastKnownFileType = text.plist.xml; path = Info.plist; sourceTree = "<group>"; };
		49FE060727BB642500E3A5FE /* FieldTest.swift */ = {isa = PBXFileReference; lastKnownFileType = sourcecode.swift; path = FieldTest.swift; sourceTree = "<group>"; };
		49FE060927BB76E200E3A5FE /* JobDirector.swift */ = {isa = PBXFileReference; lastKnownFileType = sourcecode.swift; path = JobDirector.swift; sourceTree = "<group>"; };
		49FE060E27BB818600E3A5FE /* HumanTest.swift */ = {isa = PBXFileReference; lastKnownFileType = sourcecode.swift; path = HumanTest.swift; sourceTree = "<group>"; };
		49FE061027BB879300E3A5FE /* ScheduleJobTest.swift */ = {isa = PBXFileReference; lastKnownFileType = sourcecode.swift; path = ScheduleJobTest.swift; sourceTree = "<group>"; };
		49FE061227BBE03A00E3A5FE /* Players.swift */ = {isa = PBXFileReference; lastKnownFileType = sourcecode.swift; path = Players.swift; sourceTree = "<group>"; };
		49FE061527BBE2CA00E3A5FE /* HumanBrain.swift */ = {isa = PBXFileReference; lastKnownFileType = sourcecode.swift; path = HumanBrain.swift; sourceTree = "<group>"; };
/* End PBXFileReference section */

/* Begin PBXFrameworksBuildPhase section */
		49258AB027BA8308006C8BEA /* Frameworks */ = {
			isa = PBXFrameworksBuildPhase;
			buildActionMask = 2147483647;
			files = (
			);
			runOnlyForDeploymentPostprocessing = 0;
		};
		49FE05F327BB639D00E3A5FE /* Frameworks */ = {
			isa = PBXFrameworksBuildPhase;
			buildActionMask = 2147483647;
			files = (
			);
			runOnlyForDeploymentPostprocessing = 0;
		};
/* End PBXFrameworksBuildPhase section */

/* Begin PBXGroup section */
		49258AAA27BA8308006C8BEA = {
			isa = PBXGroup;
			children = (
				49258AB527BA8308006C8BEA /* AHC008 */,
				49FE05F727BB639D00E3A5FE /* AHC008Test */,
				49258AB427BA8308006C8BEA /* Products */,
			);
			sourceTree = "<group>";
		};
		49258AB427BA8308006C8BEA /* Products */ = {
			isa = PBXGroup;
			children = (
				49258AB327BA8308006C8BEA /* AHC008 */,
				49FE05F627BB639D00E3A5FE /* AHC008Test.xctest */,
			);
			name = Products;
			sourceTree = "<group>";
		};
		49258AB527BA8308006C8BEA /* AHC008 */ = {
			isa = PBXGroup;
			children = (
				49258AB627BA8308006C8BEA /* main.swift */,
				49258AC527BA8B59006C8BEA /* Manager.swift */,
				49E8532827C09D3300EF03FB /* IOController.swift */,
				49FE060927BB76E200E3A5FE /* JobDirector.swift */,
				49FE05EC27BB4F0900E3A5FE /* Field.swift */,
				49FE05EE27BB4FDC00E3A5FE /* Values.swift */,
				49258AC427BA8B59006C8BEA /* Models.swift */,
				49258AC927BAA7B5006C8BEA /* IO.swift */,
				49FE05F027BB57B900E3A5FE /* Utils.swift */,
				49FE061227BBE03A00E3A5FE /* Players.swift */,
				49FE061527BBE2CA00E3A5FE /* HumanBrain.swift */,
				49F5CA1A27BE93D700AA4C2B /* GridManager.swift */,
				49055D9E27C7826400302FEE /* SquareGridManagerV2.swift */,
				49E8532527C0971D00EF03FB /* DataStructures.swift */,
			);
			path = AHC008;
			sourceTree = "<group>";
		};
		49FE05F727BB639D00E3A5FE /* AHC008Test */ = {
			isa = PBXGroup;
			children = (
				49FE060727BB642500E3A5FE /* FieldTest.swift */,
				49FE060E27BB818600E3A5FE /* HumanTest.swift */,
				49FE061027BB879300E3A5FE /* ScheduleJobTest.swift */,
				49B749C427BC881E0070016C /* JobAssignTest.swift */,
				49F5CA1827BE6C9F00AA4C2B /* JobDirectorTest.swift */,
				49B749C627BCA34E0070016C /* UtilsTest.swift */,
				49E8532D27C1335C00EF03FB /* GridTest.swift */,
				49FE05FA27BB639D00E3A5FE /* Info.plist */,
			);
			path = AHC008Test;
			sourceTree = "<group>";
		};
/* End PBXGroup section */

/* Begin PBXNativeTarget section */
		49258AB227BA8308006C8BEA /* AHC008 */ = {
			isa = PBXNativeTarget;
			buildConfigurationList = 49258ABA27BA8308006C8BEA /* Build configuration list for PBXNativeTarget "AHC008" */;
			buildPhases = (
				49258AAF27BA8308006C8BEA /* Sources */,
				49258AB027BA8308006C8BEA /* Frameworks */,
				49258AB127BA8308006C8BEA /* CopyFiles */,
			);
			buildRules = (
			);
			dependencies = (
			);
			name = AHC008;
			productName = AHC008;
			productReference = 49258AB327BA8308006C8BEA /* AHC008 */;
			productType = "com.apple.product-type.tool";
		};
		49FE05F527BB639D00E3A5FE /* AHC008Test */ = {
			isa = PBXNativeTarget;
			buildConfigurationList = 49FE05FB27BB639D00E3A5FE /* Build configuration list for PBXNativeTarget "AHC008Test" */;
			buildPhases = (
				49FE05F227BB639D00E3A5FE /* Sources */,
				49FE05F327BB639D00E3A5FE /* Frameworks */,
				49FE05F427BB639D00E3A5FE /* Resources */,
			);
			buildRules = (
			);
			dependencies = (
			);
			name = AHC008Test;
			productName = AHC008Test;
			productReference = 49FE05F627BB639D00E3A5FE /* AHC008Test.xctest */;
			productType = "com.apple.product-type.bundle.unit-test";
		};
/* End PBXNativeTarget section */

/* Begin PBXProject section */
		49258AAB27BA8308006C8BEA /* Project object */ = {
			isa = PBXProject;
			attributes = {
				LastSwiftUpdateCheck = 1250;
				LastUpgradeCheck = 1250;
				TargetAttributes = {
					49258AB227BA8308006C8BEA = {
						CreatedOnToolsVersion = 12.5.1;
					};
					49FE05F527BB639D00E3A5FE = {
						CreatedOnToolsVersion = 12.5.1;
					};
				};
			};
			buildConfigurationList = 49258AAE27BA8308006C8BEA /* Build configuration list for PBXProject "AHC008" */;
			compatibilityVersion = "Xcode 9.3";
			developmentRegion = en;
			hasScannedForEncodings = 0;
			knownRegions = (
				en,
				Base,
			);
			mainGroup = 49258AAA27BA8308006C8BEA;
			productRefGroup = 49258AB427BA8308006C8BEA /* Products */;
			projectDirPath = "";
			projectRoot = "";
			targets = (
				49258AB227BA8308006C8BEA /* AHC008 */,
				49FE05F527BB639D00E3A5FE /* AHC008Test */,
			);
		};
/* End PBXProject section */

/* Begin PBXResourcesBuildPhase section */
		49FE05F427BB639D00E3A5FE /* Resources */ = {
			isa = PBXResourcesBuildPhase;
			buildActionMask = 2147483647;
			files = (
			);
			runOnlyForDeploymentPostprocessing = 0;
		};
/* End PBXResourcesBuildPhase section */

/* Begin PBXSourcesBuildPhase section */
		49258AAF27BA8308006C8BEA /* Sources */ = {
			isa = PBXSourcesBuildPhase;
			buildActionMask = 2147483647;
			files = (
				49FE05ED27BB4F0900E3A5FE /* Field.swift in Sources */,
				49E8532927C09D3300EF03FB /* IOController.swift in Sources */,
				49055D9F27C7826400302FEE /* SquareGridManagerV2.swift in Sources */,
				49FE05EF27BB4FDC00E3A5FE /* Values.swift in Sources */,
				49FE060A27BB76E200E3A5FE /* JobDirector.swift in Sources */,
				49E8532627C0971D00EF03FB /* DataStructures.swift in Sources */,
				49258AC727BA8B59006C8BEA /* Models.swift in Sources */,
				49FE05F127BB57B900E3A5FE /* Utils.swift in Sources */,
				49FE061627BBE2CA00E3A5FE /* HumanBrain.swift in Sources */,
				49258AC827BA8B59006C8BEA /* Manager.swift in Sources */,
				49258AB727BA8308006C8BEA /* main.swift in Sources */,
				49FE061327BBE03A00E3A5FE /* Players.swift in Sources */,
				49F5CA1B27BE93D700AA4C2B /* GridManager.swift in Sources */,
				49258ACA27BAA7B5006C8BEA /* IO.swift in Sources */,
			);
			runOnlyForDeploymentPostprocessing = 0;
		};
		49FE05F227BB639D00E3A5FE /* Sources */ = {
			isa = PBXSourcesBuildPhase;
			buildActionMask = 2147483647;
			files = (
				49FE060F27BB818600E3A5FE /* HumanTest.swift in Sources */,
				49FE061127BB879300E3A5FE /* ScheduleJobTest.swift in Sources */,
				49FE061E27BBE8D500E3A5FE /* main.swift in Sources */,
				49FE061B27BBE8D500E3A5FE /* HumanBrain.swift in Sources */,
				49FE061A27BBE8D500E3A5FE /* Utils.swift in Sources */,
				49FE061F27BBE8D500E3A5FE /* Players.swift in Sources */,
				49FE060827BB642500E3A5FE /* FieldTest.swift in Sources */,
				49E8532A27C09D6500EF03FB /* IOController.swift in Sources */,
				49FE062027BBE8D500E3A5FE /* Manager.swift in Sources */,
				49055DA027C7835500302FEE /* SquareGridManagerV2.swift in Sources */,
				49FE061927BBE8D500E3A5FE /* Values.swift in Sources */,
				49E8532E27C1335C00EF03FB /* GridTest.swift in Sources */,
				49FE062227BBE8D500E3A5FE /* JobDirector.swift in Sources */,
				49F5CA1927BE6C9F00AA4C2B /* JobDirectorTest.swift in Sources */,
				49B749C727BCA34E0070016C /* UtilsTest.swift in Sources */,
				49FE061C27BBE8D500E3A5FE /* Models.swift in Sources */,
				49E8532727C0972F00EF03FB /* DataStructures.swift in Sources */,
				49FE062327BBE8D500E3A5FE /* Field.swift in Sources */,
				49B749C527BC881E0070016C /* JobAssignTest.swift in Sources */,
				49F5CA1C27BE991300AA4C2B /* GridManager.swift in Sources */,
				49FE062127BBE8D500E3A5FE /* IO.swift in Sources */,
			);
			runOnlyForDeploymentPostprocessing = 0;
		};
/* End PBXSourcesBuildPhase section */

/* Begin XCBuildConfiguration section */
		49258AB827BA8308006C8BEA /* Debug */ = {
			isa = XCBuildConfiguration;
			buildSettings = {
				ALWAYS_SEARCH_USER_PATHS = NO;
				CLANG_ANALYZER_NONNULL = YES;
				CLANG_ANALYZER_NUMBER_OBJECT_CONVERSION = YES_AGGRESSIVE;
				CLANG_CXX_LANGUAGE_STANDARD = "gnu++14";
				CLANG_CXX_LIBRARY = "libc++";
				CLANG_ENABLE_MODULES = YES;
				CLANG_ENABLE_OBJC_ARC = YES;
				CLANG_ENABLE_OBJC_WEAK = YES;
				CLANG_WARN_BLOCK_CAPTURE_AUTORELEASING = YES;
				CLANG_WARN_BOOL_CONVERSION = YES;
				CLANG_WARN_COMMA = YES;
				CLANG_WARN_CONSTANT_CONVERSION = YES;
				CLANG_WARN_DEPRECATED_OBJC_IMPLEMENTATIONS = YES;
				CLANG_WARN_DIRECT_OBJC_ISA_USAGE = YES_ERROR;
				CLANG_WARN_DOCUMENTATION_COMMENTS = YES;
				CLANG_WARN_EMPTY_BODY = YES;
				CLANG_WARN_ENUM_CONVERSION = YES;
				CLANG_WARN_INFINITE_RECURSION = YES;
				CLANG_WARN_INT_CONVERSION = YES;
				CLANG_WARN_NON_LITERAL_NULL_CONVERSION = YES;
				CLANG_WARN_OBJC_IMPLICIT_RETAIN_SELF = YES;
				CLANG_WARN_OBJC_LITERAL_CONVERSION = YES;
				CLANG_WARN_OBJC_ROOT_CLASS = YES_ERROR;
				CLANG_WARN_QUOTED_INCLUDE_IN_FRAMEWORK_HEADER = YES;
				CLANG_WARN_RANGE_LOOP_ANALYSIS = YES;
				CLANG_WARN_STRICT_PROTOTYPES = YES;
				CLANG_WARN_SUSPICIOUS_MOVE = YES;
				CLANG_WARN_UNGUARDED_AVAILABILITY = YES_AGGRESSIVE;
				CLANG_WARN_UNREACHABLE_CODE = YES;
				CLANG_WARN__DUPLICATE_METHOD_MATCH = YES;
				COPY_PHASE_STRIP = NO;
				DEBUG_INFORMATION_FORMAT = dwarf;
				ENABLE_STRICT_OBJC_MSGSEND = YES;
				ENABLE_TESTABILITY = YES;
				GCC_C_LANGUAGE_STANDARD = gnu11;
				GCC_DYNAMIC_NO_PIC = NO;
				GCC_NO_COMMON_BLOCKS = YES;
				GCC_OPTIMIZATION_LEVEL = 0;
				GCC_PREPROCESSOR_DEFINITIONS = (
					"DEBUG=1",
					"$(inherited)",
				);
				GCC_WARN_64_TO_32_BIT_CONVERSION = YES;
				GCC_WARN_ABOUT_RETURN_TYPE = YES_ERROR;
				GCC_WARN_UNDECLARED_SELECTOR = YES;
				GCC_WARN_UNINITIALIZED_AUTOS = YES_AGGRESSIVE;
				GCC_WARN_UNUSED_FUNCTION = YES;
				GCC_WARN_UNUSED_VARIABLE = YES;
				MACOSX_DEPLOYMENT_TARGET = 11.3;
				MTL_ENABLE_DEBUG_INFO = INCLUDE_SOURCE;
				MTL_FAST_MATH = YES;
				ONLY_ACTIVE_ARCH = YES;
				SDKROOT = macosx;
				SWIFT_ACTIVE_COMPILATION_CONDITIONS = DEBUG;
				SWIFT_OPTIMIZATION_LEVEL = "-Onone";
			};
			name = Debug;
		};
		49258AB927BA8308006C8BEA /* Release */ = {
			isa = XCBuildConfiguration;
			buildSettings = {
				ALWAYS_SEARCH_USER_PATHS = NO;
				CLANG_ANALYZER_NONNULL = YES;
				CLANG_ANALYZER_NUMBER_OBJECT_CONVERSION = YES_AGGRESSIVE;
				CLANG_CXX_LANGUAGE_STANDARD = "gnu++14";
				CLANG_CXX_LIBRARY = "libc++";
				CLANG_ENABLE_MODULES = YES;
				CLANG_ENABLE_OBJC_ARC = YES;
				CLANG_ENABLE_OBJC_WEAK = YES;
				CLANG_WARN_BLOCK_CAPTURE_AUTORELEASING = YES;
				CLANG_WARN_BOOL_CONVERSION = YES;
				CLANG_WARN_COMMA = YES;
				CLANG_WARN_CONSTANT_CONVERSION = YES;
				CLANG_WARN_DEPRECATED_OBJC_IMPLEMENTATIONS = YES;
				CLANG_WARN_DIRECT_OBJC_ISA_USAGE = YES_ERROR;
				CLANG_WARN_DOCUMENTATION_COMMENTS = YES;
				CLANG_WARN_EMPTY_BODY = YES;
				CLANG_WARN_ENUM_CONVERSION = YES;
				CLANG_WARN_INFINITE_RECURSION = YES;
				CLANG_WARN_INT_CONVERSION = YES;
				CLANG_WARN_NON_LITERAL_NULL_CONVERSION = YES;
				CLANG_WARN_OBJC_IMPLICIT_RETAIN_SELF = YES;
				CLANG_WARN_OBJC_LITERAL_CONVERSION = YES;
				CLANG_WARN_OBJC_ROOT_CLASS = YES_ERROR;
				CLANG_WARN_QUOTED_INCLUDE_IN_FRAMEWORK_HEADER = YES;
				CLANG_WARN_RANGE_LOOP_ANALYSIS = YES;
				CLANG_WARN_STRICT_PROTOTYPES = YES;
				CLANG_WARN_SUSPICIOUS_MOVE = YES;
				CLANG_WARN_UNGUARDED_AVAILABILITY = YES_AGGRESSIVE;
				CLANG_WARN_UNREACHABLE_CODE = YES;
				CLANG_WARN__DUPLICATE_METHOD_MATCH = YES;
				COPY_PHASE_STRIP = NO;
				DEBUG_INFORMATION_FORMAT = "dwarf-with-dsym";
				ENABLE_NS_ASSERTIONS = NO;
				ENABLE_STRICT_OBJC_MSGSEND = YES;
				GCC_C_LANGUAGE_STANDARD = gnu11;
				GCC_NO_COMMON_BLOCKS = YES;
				GCC_WARN_64_TO_32_BIT_CONVERSION = YES;
				GCC_WARN_ABOUT_RETURN_TYPE = YES_ERROR;
				GCC_WARN_UNDECLARED_SELECTOR = YES;
				GCC_WARN_UNINITIALIZED_AUTOS = YES_AGGRESSIVE;
				GCC_WARN_UNUSED_FUNCTION = YES;
				GCC_WARN_UNUSED_VARIABLE = YES;
				MACOSX_DEPLOYMENT_TARGET = 11.3;
				MTL_ENABLE_DEBUG_INFO = NO;
				MTL_FAST_MATH = YES;
				SDKROOT = macosx;
				SWIFT_COMPILATION_MODE = wholemodule;
				SWIFT_OPTIMIZATION_LEVEL = "-O";
			};
			name = Release;
		};
		49258ABB27BA8308006C8BEA /* Debug */ = {
			isa = XCBuildConfiguration;
			buildSettings = {
				CODE_SIGN_STYLE = Automatic;
				DEVELOPMENT_TEAM = 4XV222H52K;
				ENABLE_HARDENED_RUNTIME = YES;
				PRODUCT_NAME = "$(TARGET_NAME)";
				SWIFT_VERSION = 5.0;
			};
			name = Debug;
		};
		49258ABC27BA8308006C8BEA /* Release */ = {
			isa = XCBuildConfiguration;
			buildSettings = {
				CODE_SIGN_STYLE = Automatic;
				DEVELOPMENT_TEAM = 4XV222H52K;
				ENABLE_HARDENED_RUNTIME = YES;
				PRODUCT_NAME = "$(TARGET_NAME)";
				SWIFT_VERSION = 5.0;
			};
			name = Release;
		};
		49FE05FC27BB639D00E3A5FE /* Debug */ = {
			isa = XCBuildConfiguration;
			buildSettings = {
				CODE_SIGN_STYLE = Automatic;
				COMBINE_HIDPI_IMAGES = YES;
				DEVELOPMENT_TEAM = 4XV222H52K;
				INFOPLIST_FILE = AHC008Test/Info.plist;
				LD_RUNPATH_SEARCH_PATHS = (
					"$(inherited)",
					"@executable_path/../Frameworks",
					"@loader_path/../Frameworks",
				);
				PRODUCT_BUNDLE_IDENTIFIER = com.tishii24.AHC008Test;
				PRODUCT_NAME = "$(TARGET_NAME)";
				SWIFT_VERSION = 5.0;
			};
			name = Debug;
		};
		49FE05FD27BB639D00E3A5FE /* Release */ = {
			isa = XCBuildConfiguration;
			buildSettings = {
				CODE_SIGN_STYLE = Automatic;
				COMBINE_HIDPI_IMAGES = YES;
				DEVELOPMENT_TEAM = 4XV222H52K;
				INFOPLIST_FILE = AHC008Test/Info.plist;
				LD_RUNPATH_SEARCH_PATHS = (
					"$(inherited)",
					"@executable_path/../Frameworks",
					"@loader_path/../Frameworks",
				);
				PRODUCT_BUNDLE_IDENTIFIER = com.tishii24.AHC008Test;
				PRODUCT_NAME = "$(TARGET_NAME)";
				SWIFT_VERSION = 5.0;
			};
			name = Release;
		};
/* End XCBuildConfiguration section */

/* Begin XCConfigurationList section */
		49258AAE27BA8308006C8BEA /* Build configuration list for PBXProject "AHC008" */ = {
			isa = XCConfigurationList;
			buildConfigurations = (
				49258AB827BA8308006C8BEA /* Debug */,
				49258AB927BA8308006C8BEA /* Release */,
			);
			defaultConfigurationIsVisible = 0;
			defaultConfigurationName = Release;
		};
		49258ABA27BA8308006C8BEA /* Build configuration list for PBXNativeTarget "AHC008" */ = {
			isa = XCConfigurationList;
			buildConfigurations = (
				49258ABB27BA8308006C8BEA /* Debug */,
				49258ABC27BA8308006C8BEA /* Release */,
			);
			defaultConfigurationIsVisible = 0;
			defaultConfigurationName = Release;
		};
		49FE05FB27BB639D00E3A5FE /* Build configuration list for PBXNativeTarget "AHC008Test" */ = {
			isa = XCConfigurationList;
			buildConfigurations = (
				49FE05FC27BB639D00E3A5FE /* Debug */,
				49FE05FD27BB639D00E3A5FE /* Release */,
			);
			defaultConfigurationIsVisible = 0;
			defaultConfigurationName = Release;
		};
/* End XCConfigurationList section */
	};
	rootObject = 49258AAB27BA8308006C8BEA /* Project object */;
}
